
Microsoft Visual Studio Solution File, Format Version 12.00
# Visual Studio Version 16
VisualStudioVersion = 16.0.30907.101
MinimumVisualStudioVersion = 10.0.40219.1
Project("{FAE04EC0-301F-11D3-BF4B-00C04F79EFBC}") = "Radiales", "Radiales\Radiales.csproj", "{8AB74B2B-9FCD-4B5A-A97A-87A0140DF71F}"
EndProject
Project("{FAE04EC0-301F-11D3-BF4B-00C04F79EFBC}") = "_ENTITY", "_ENTITY\_ENTITY.csproj", "{755FDF28-81FD-433C-B92F-9367F7F1EDEC}"
EndProject
Project("{FAE04EC0-301F-11D3-BF4B-00C04F79EFBC}") = "_BLL", "_BLL\_BLL.csproj", "{1787B12A-5631-4FC9-A0AB-A4A5FE580ADB}"
EndProject
Project("{FAE04EC0-301F-11D3-BF4B-00C04F79EFBC}") = "_DAL", "_DAL\_DAL.csproj", "{044C8FFE-626D-4882-9464-8AFEF708F381}"
EndProject
Global
	GlobalSection(SolutionConfigurationPlatforms) = preSolution
		Debug|Any CPU = Debug|Any CPU
		Release|Any CPU = Release|Any CPU
	EndGlobalSection
	GlobalSection(ProjectConfigurationPlatforms) = postSolution
		{8AB74B2B-9FCD-4B5A-A97A-87A0140DF71F}.Debug|Any CPU.ActiveCfg = Debug|Any CPU
		{8AB74B2B-9FCD-4B5A-A97A-87A0140DF71F}.Debug|Any CPU.Build.0 = Debug|Any CPU
		{8AB74B2B-9FCD-4B5A-A97A-87A0140DF71F}.Release|Any CPU.ActiveCfg = Release|Any CPU
		{8AB74B2B-9FCD-4B5A-A97A-87A0140DF71F}.Release|Any CPU.Build.0 = Release|Any CPU
		{755FDF28-81FD-433C-B92F-9367F7F1EDEC}.Debug|Any CPU.ActiveCfg = Debug|Any CPU
		{755FDF28-81FD-433C-B92F-9367F7F1EDEC}.Debug|Any CPU.Build.0 = Debug|Any CPU
		{755FDF28-81FD-433C-B92F-9367F7F1EDEC}.Release|Any CPU.ActiveCfg = Release|Any CPU
		{755FDF28-81FD-433C-B92F-9367F7F1EDEC}.Release|Any CPU.Build.0 = Release|Any CPU
		{1787B12A-5631-4FC9-A0AB-A4A5FE580ADB}.Debug|Any CPU.ActiveCfg = Debug|Any CPU
		{1787B12A-5631-4FC9-A0AB-A4A5FE580ADB}.Debug|Any CPU.Build.0 = Debug|Any CPU
		{1787B12A-5631-4FC9-A0AB-A4A5FE580ADB}.Release|Any CPU.ActiveCfg = Release|Any CPU
		{1787B12A-5631-4FC9-A0AB-A4A5FE580ADB}.Release|Any CPU.Build.0 = Release|Any CPU
		{044C8FFE-626D-4882-9464-8AFEF708F381}.Debug|Any CPU.ActiveCfg = Debug|Any CPU
		{044C8FFE-626D-4882-9464-8AFEF708F381}.Debug|Any CPU.Build.0 = Debug|Any CPU
		{044C8FFE-626D-4882-9464-8AFEF708F381}.Release|Any CPU.ActiveCfg = Release|Any CPU
		{044C8FFE-626D-4882-9464-8AFEF708F381}.Release|Any CPU.Build.0 = Release|Any CPU
	EndGlobalSection
	GlobalSection(SolutionProperties) = preSolution
		HideSolutionNode = FALSE
	EndGlobalSection
	GlobalSection(ExtensibilityGlobals) = postSolution
		SolutionGuid = {CFA06B68-89BA-472F-8EB7-17E7533A124A}
	EndGlobalSection
EndGlobal
