
Microsoft Visual Studio Solution File, Format Version 12.00
# Visual Studio Version 16
VisualStudioVersion = 16.0.30907.101
MinimumVisualStudioVersion = 10.0.40219.1
Project("{FAE04EC0-301F-11D3-BF4B-00C04F79EFBC}") = "Radiales", "Radiales\Radiales.csproj", "{8AB74B2B-9FCD-4B5A-A97A-87A0140DF71F}"
EndProject
Project("{FAE04EC0-301F-11D3-BF4B-00C04F79EFBC}") = "BLL", "BLL\BLL.csproj", "{C7727D36-FAE3-490C-93D4-3BFA7FDE2171}"
EndProject
Project("{FAE04EC0-301F-11D3-BF4B-00C04F79EFBC}") = "DALL", "DALL\DALL.csproj", "{8001B483-CEC6-4A7B-8596-F05ACA323B76}"
EndProject
Project("{FAE04EC0-301F-11D3-BF4B-00C04F79EFBC}") = "ENTITY", "ENTITY\ENTITY.csproj", "{DA936C83-37CC-4AED-AE70-27D128249A85}"
EndProject
Global
	GlobalSection(SolutionConfigurationPlatforms) = preSolution
		Debug|Any CPU = Debug|Any CPU
		Release|Any CPU = Release|Any CPU
	EndGlobalSection
	GlobalSection(ProjectConfigurationPlatforms) = postSolution
		{8AB74B2B-9FCD-4B5A-A97A-87A0140DF71F}.Debug|Any CPU.ActiveCfg = Debug|Any CPU
		{8AB74B2B-9FCD-4B5A-A97A-87A0140DF71F}.Debug|Any CPU.Build.0 = Debug|Any CPU
		{8AB74B2B-9FCD-4B5A-A97A-87A0140DF71F}.Release|Any CPU.ActiveCfg = Release|Any CPU
		{8AB74B2B-9FCD-4B5A-A97A-87A0140DF71F}.Release|Any CPU.Build.0 = Release|Any CPU
		{C7727D36-FAE3-490C-93D4-3BFA7FDE2171}.Debug|Any CPU.ActiveCfg = Debug|Any CPU
		{C7727D36-FAE3-490C-93D4-3BFA7FDE2171}.Debug|Any CPU.Build.0 = Debug|Any CPU
		{C7727D36-FAE3-490C-93D4-3BFA7FDE2171}.Release|Any CPU.ActiveCfg = Release|Any CPU
		{C7727D36-FAE3-490C-93D4-3BFA7FDE2171}.Release|Any CPU.Build.0 = Release|Any CPU
		{8001B483-CEC6-4A7B-8596-F05ACA323B76}.Debug|Any CPU.ActiveCfg = Debug|Any CPU
		{8001B483-CEC6-4A7B-8596-F05ACA323B76}.Debug|Any CPU.Build.0 = Debug|Any CPU
		{8001B483-CEC6-4A7B-8596-F05ACA323B76}.Release|Any CPU.ActiveCfg = Release|Any CPU
		{8001B483-CEC6-4A7B-8596-F05ACA323B76}.Release|Any CPU.Build.0 = Release|Any CPU
		{DA936C83-37CC-4AED-AE70-27D128249A85}.Debug|Any CPU.ActiveCfg = Debug|Any CPU
		{DA936C83-37CC-4AED-AE70-27D128249A85}.Debug|Any CPU.Build.0 = Debug|Any CPU
		{DA936C83-37CC-4AED-AE70-27D128249A85}.Release|Any CPU.ActiveCfg = Release|Any CPU
		{DA936C83-37CC-4AED-AE70-27D128249A85}.Release|Any CPU.Build.0 = Release|Any CPU
	EndGlobalSection
	GlobalSection(SolutionProperties) = preSolution
		HideSolutionNode = FALSE
	EndGlobalSection
	GlobalSection(ExtensibilityGlobals) = postSolution
		SolutionGuid = {CFA06B68-89BA-472F-8EB7-17E7533A124A}
	EndGlobalSection
EndGlobal
